
Microsoft Visual Studio Solution File, Format Version 12.00
# Visual Studio 2012
Project("{FAE04EC0-301F-11D3-BF4B-00C04F79EFBC}") = "RestSharpExample.Server", "RestSharpExample.Server\RestSharpExample.Server.csproj", "{63B1E6DB-E103-4DCE-BE78-87B11DFF1A03}"
EndProject
Project("{FAE04EC0-301F-11D3-BF4B-00C04F79EFBC}") = "RestSharpExample.ConsoleClient", "RestSharpExample.ConsoleClient\RestSharpExample.ConsoleClient.csproj", "{10491AC3-71E1-4443-BB75-175DD5F48718}"
EndProject
Global
	GlobalSection(SolutionConfigurationPlatforms) = preSolution
		Debug|Any CPU = Debug|Any CPU
		Release|Any CPU = Release|Any CPU
	EndGlobalSection
	GlobalSection(ProjectConfigurationPlatforms) = postSolution
		{63B1E6DB-E103-4DCE-BE78-87B11DFF1A03}.Debug|Any CPU.ActiveCfg = Debug|Any CPU
		{63B1E6DB-E103-4DCE-BE78-87B11DFF1A03}.Debug|Any CPU.Build.0 = Debug|Any CPU
		{63B1E6DB-E103-4DCE-BE78-87B11DFF1A03}.Release|Any CPU.ActiveCfg = Release|Any CPU
		{63B1E6DB-E103-4DCE-BE78-87B11DFF1A03}.Release|Any CPU.Build.0 = Release|Any CPU
		{10491AC3-71E1-4443-BB75-175DD5F48718}.Debug|Any CPU.ActiveCfg = Debug|Any CPU
		{10491AC3-71E1-4443-BB75-175DD5F48718}.Debug|Any CPU.Build.0 = Debug|Any CPU
		{10491AC3-71E1-4443-BB75-175DD5F48718}.Release|Any CPU.ActiveCfg = Release|Any CPU
		{10491AC3-71E1-4443-BB75-175DD5F48718}.Release|Any CPU.Build.0 = Release|Any CPU
	EndGlobalSection
	GlobalSection(SolutionProperties) = preSolution
		HideSolutionNode = FALSE
	EndGlobalSection
EndGlobal
